{
  "name": "Bright Futures Acadmey",
  "version": "1.0.0",
  "lockfileVersion": 1,
  "requires": true,
  "dependencies": {
    "boom": {
      "version": "7.3.0",
      "resolved": "https://registry.npmjs.org/boom/-/boom-7.3.0.tgz",
      "integrity": "sha512-Swpoyi2t5+GhOEGw8rEsKvTxFLIDiiKoUc2gsoV6Lyr43LHBIzch3k2MvYUs8RTROrIkVJ3Al0TkaOGjnb+B6A==",
      "requires": {
        "hoek": "6.x.x"
      }
    },
    "cryptiles": {
      "version": "4.1.3",
      "resolved": "https://registry.npmjs.org/cryptiles/-/cryptiles-4.1.3.tgz",
      "integrity": "sha512-gT9nyTMSUC1JnziQpPbxKGBbUg8VL7Zn2NB4E1cJYvuXdElHrwxrV9bmltZGDzet45zSDGyYceueke1TjynGzw==",
      "requires": {
        "boom": "7.x.x"
      }
    },
    "hoek": {
      "version": "6.1.2",
      "resolved": "https://registry.npmjs.org/hoek/-/hoek-6.1.2.tgz",
      "integrity": "sha512-6qhh/wahGYZHFSFw12tBbJw5fsAhhwrrG/y3Cs0YMTv2WzMnL0oLPnQJjv1QJvEfylRSOFuP+xCu+tdx0tD16Q=="
    },
    "mongoose-type-url": {
      "version": "1.0.5",
      "resolved": "https://registry.npmjs.org/mongoose-type-url/-/mongoose-type-url-1.0.5.tgz",
      "integrity": "sha512-XKLL5X+8nLjnRHmUBPXPn4slWDf9/bCSTNxKK0Y7gdLTRebPL6Ruk1QASEYEDV8fncUnxSB8X54Ug0VxaeVIPg==",
      "requires": {
        "cryptiles": "^4.1.2",
        "normalize-url": "^4.0.0"
      }
    },
    "normalize-url": {
      "version": "4.1.0",
      "resolved": "https://registry.npmjs.org/normalize-url/-/normalize-url-4.1.0.tgz",
      "integrity": "sha512-X781mkWeK6PDMAZJfGn/wnwil4dV6pIdF9euiNqtA89uJvZuNDJO2YyJxiwpPhTQcF5pYUU1v+kcOxzYV6rZlA=="
    }
  }
}
